
Microsoft Visual Studio Solution File, Format Version 12.00
# Visual Studio 15
VisualStudioVersion = 15.0.26228.4
MinimumVisualStudioVersion = 10.0.40219.1
Project("{FAE04EC0-301F-11D3-BF4B-00C04F79EFBC}") = "Tablator.Infrastructure", "src\Tablator.Infrastructure\Tablator.Infrastructure.csproj", "{DD29FD52-CB4A-4678-A4D7-C77A24427CCE}"
EndProject
Project("{FAE04EC0-301F-11D3-BF4B-00C04F79EFBC}") = "Tablator.BusinessLogic", "src\Tablator.BusinessLogic\Tablator.BusinessLogic.csproj", "{576357AB-1053-4BE5-82DF-773A79F01ED9}"
EndProject
Project("{FAE04EC0-301F-11D3-BF4B-00C04F79EFBC}") = "Tablator.BusinessModel", "src\Tablator.BusinessModel\Tablator.BusinessModel.csproj", "{3D9B2C7D-15A2-4846-B67C-6509C9AE9DA0}"
EndProject
Project("{FAE04EC0-301F-11D3-BF4B-00C04F79EFBC}") = "Tablator.DataAccess", "src\Tablator.DataAccess\Tablator.DataAccess.csproj", "{1AD882D9-BE51-4148-9B3C-53301445DA79}"
EndProject
Project("{FAE04EC0-301F-11D3-BF4B-00C04F79EFBC}") = "Tablator.DomainModel", "src\Tablator.DomainModel\Tablator.DomainModel.csproj", "{77BBF8A3-C265-4D6C-8BBF-9CD5E5C0D7BE}"
EndProject
Project("{FAE04EC0-301F-11D3-BF4B-00C04F79EFBC}") = "Tablator.Rendering.Core", "src\Tablator.Rendering.Core\Tablator.Rendering.Core.csproj", "{2A9D2685-FC0C-49CA-867F-39E7B31276C0}"
EndProject
Project("{FAE04EC0-301F-11D3-BF4B-00C04F79EFBC}") = "Tablator.Rendering.SVG", "src\Tablator.Rendering.SVG\Tablator.Rendering.SVG.csproj", "{11244804-4F89-4BDA-80FD-1770139A3B4A}"
EndProject
Global
	GlobalSection(SolutionConfigurationPlatforms) = preSolution
		Debug|Any CPU = Debug|Any CPU
		Release|Any CPU = Release|Any CPU
	EndGlobalSection
	GlobalSection(ProjectConfigurationPlatforms) = postSolution
		{DD29FD52-CB4A-4678-A4D7-C77A24427CCE}.Debug|Any CPU.ActiveCfg = Debug|Any CPU
		{DD29FD52-CB4A-4678-A4D7-C77A24427CCE}.Debug|Any CPU.Build.0 = Debug|Any CPU
		{DD29FD52-CB4A-4678-A4D7-C77A24427CCE}.Release|Any CPU.ActiveCfg = Release|Any CPU
		{DD29FD52-CB4A-4678-A4D7-C77A24427CCE}.Release|Any CPU.Build.0 = Release|Any CPU
		{576357AB-1053-4BE5-82DF-773A79F01ED9}.Debug|Any CPU.ActiveCfg = Debug|Any CPU
		{576357AB-1053-4BE5-82DF-773A79F01ED9}.Debug|Any CPU.Build.0 = Debug|Any CPU
		{576357AB-1053-4BE5-82DF-773A79F01ED9}.Release|Any CPU.ActiveCfg = Release|Any CPU
		{576357AB-1053-4BE5-82DF-773A79F01ED9}.Release|Any CPU.Build.0 = Release|Any CPU
		{3D9B2C7D-15A2-4846-B67C-6509C9AE9DA0}.Debug|Any CPU.ActiveCfg = Debug|Any CPU
		{3D9B2C7D-15A2-4846-B67C-6509C9AE9DA0}.Debug|Any CPU.Build.0 = Debug|Any CPU
		{3D9B2C7D-15A2-4846-B67C-6509C9AE9DA0}.Release|Any CPU.ActiveCfg = Release|Any CPU
		{3D9B2C7D-15A2-4846-B67C-6509C9AE9DA0}.Release|Any CPU.Build.0 = Release|Any CPU
		{1AD882D9-BE51-4148-9B3C-53301445DA79}.Debug|Any CPU.ActiveCfg = Debug|Any CPU
		{1AD882D9-BE51-4148-9B3C-53301445DA79}.Debug|Any CPU.Build.0 = Debug|Any CPU
		{1AD882D9-BE51-4148-9B3C-53301445DA79}.Release|Any CPU.ActiveCfg = Release|Any CPU
		{1AD882D9-BE51-4148-9B3C-53301445DA79}.Release|Any CPU.Build.0 = Release|Any CPU
		{77BBF8A3-C265-4D6C-8BBF-9CD5E5C0D7BE}.Debug|Any CPU.ActiveCfg = Debug|Any CPU
		{77BBF8A3-C265-4D6C-8BBF-9CD5E5C0D7BE}.Debug|Any CPU.Build.0 = Debug|Any CPU
		{77BBF8A3-C265-4D6C-8BBF-9CD5E5C0D7BE}.Release|Any CPU.ActiveCfg = Release|Any CPU
		{77BBF8A3-C265-4D6C-8BBF-9CD5E5C0D7BE}.Release|Any CPU.Build.0 = Release|Any CPU
		{2A9D2685-FC0C-49CA-867F-39E7B31276C0}.Debug|Any CPU.ActiveCfg = Debug|Any CPU
		{2A9D2685-FC0C-49CA-867F-39E7B31276C0}.Debug|Any CPU.Build.0 = Debug|Any CPU
		{2A9D2685-FC0C-49CA-867F-39E7B31276C0}.Release|Any CPU.ActiveCfg = Release|Any CPU
		{2A9D2685-FC0C-49CA-867F-39E7B31276C0}.Release|Any CPU.Build.0 = Release|Any CPU
		{11244804-4F89-4BDA-80FD-1770139A3B4A}.Debug|Any CPU.ActiveCfg = Debug|Any CPU
		{11244804-4F89-4BDA-80FD-1770139A3B4A}.Debug|Any CPU.Build.0 = Debug|Any CPU
		{11244804-4F89-4BDA-80FD-1770139A3B4A}.Release|Any CPU.ActiveCfg = Release|Any CPU
		{11244804-4F89-4BDA-80FD-1770139A3B4A}.Release|Any CPU.Build.0 = Release|Any CPU
	EndGlobalSection
	GlobalSection(SolutionProperties) = preSolution
		HideSolutionNode = FALSE
	EndGlobalSection
EndGlobal
